
Microsoft Visual Studio Solution File, Format Version 12.00
# Visual Studio Version 17
VisualStudioVersion = 17.11.35312.102
MinimumVisualStudioVersion = 10.0.40219.1
Project("{9A19103F-16F7-4668-BE54-9A1E7A4F7556}") = "API", "API.csproj", "{48FD57E9-307B-4E2F-B28D-B19377D6740B}"
EndProject
Project("{FAE04EC0-301F-11D3-BF4B-00C04F79EFBC}") = "Core", "..\Core\Core.csproj", "{6389739B-D0D6-4810-B1D0-A104BC266393}"
EndProject
Project("{FAE04EC0-301F-11D3-BF4B-00C04F79EFBC}") = "dataNew", "..\dataNew\dataNew.csproj", "{8747D055-2D01-4FCD-9AB1-219FDFC52052}"
EndProject
Project("{FAE04EC0-301F-11D3-BF4B-00C04F79EFBC}") = "serviceNew", "..\serviceNew\serviceNew.csproj", "{277FE933-4B98-43C7-B0F0-64049E061807}"
EndProject
Global
	GlobalSection(SolutionConfigurationPlatforms) = preSolution
		Debug|Any CPU = Debug|Any CPU
		Release|Any CPU = Release|Any CPU
	EndGlobalSection
	GlobalSection(ProjectConfigurationPlatforms) = postSolution
		{48FD57E9-307B-4E2F-B28D-B19377D6740B}.Debug|Any CPU.ActiveCfg = Debug|Any CPU
		{48FD57E9-307B-4E2F-B28D-B19377D6740B}.Debug|Any CPU.Build.0 = Debug|Any CPU
		{48FD57E9-307B-4E2F-B28D-B19377D6740B}.Release|Any CPU.ActiveCfg = Release|Any CPU
		{48FD57E9-307B-4E2F-B28D-B19377D6740B}.Release|Any CPU.Build.0 = Release|Any CPU
		{6389739B-D0D6-4810-B1D0-A104BC266393}.Debug|Any CPU.ActiveCfg = Debug|Any CPU
		{6389739B-D0D6-4810-B1D0-A104BC266393}.Debug|Any CPU.Build.0 = Debug|Any CPU
		{6389739B-D0D6-4810-B1D0-A104BC266393}.Release|Any CPU.ActiveCfg = Release|Any CPU
		{6389739B-D0D6-4810-B1D0-A104BC266393}.Release|Any CPU.Build.0 = Release|Any CPU
		{8747D055-2D01-4FCD-9AB1-219FDFC52052}.Debug|Any CPU.ActiveCfg = Debug|Any CPU
		{8747D055-2D01-4FCD-9AB1-219FDFC52052}.Debug|Any CPU.Build.0 = Debug|Any CPU
		{8747D055-2D01-4FCD-9AB1-219FDFC52052}.Release|Any CPU.ActiveCfg = Release|Any CPU
		{8747D055-2D01-4FCD-9AB1-219FDFC52052}.Release|Any CPU.Build.0 = Release|Any CPU
		{277FE933-4B98-43C7-B0F0-64049E061807}.Debug|Any CPU.ActiveCfg = Debug|Any CPU
		{277FE933-4B98-43C7-B0F0-64049E061807}.Debug|Any CPU.Build.0 = Debug|Any CPU
		{277FE933-4B98-43C7-B0F0-64049E061807}.Release|Any CPU.ActiveCfg = Release|Any CPU
		{277FE933-4B98-43C7-B0F0-64049E061807}.Release|Any CPU.Build.0 = Release|Any CPU
	EndGlobalSection
	GlobalSection(SolutionProperties) = preSolution
		HideSolutionNode = FALSE
	EndGlobalSection
	GlobalSection(ExtensibilityGlobals) = postSolution
		SolutionGuid = {05447AFB-378B-4859-9D87-4E8E7F4158CB}
	EndGlobalSection
EndGlobal
